
Microsoft Visual Studio Solution File, Format Version 12.00
# Visual Studio 15
VisualStudioVersion = 15.0.27130.2010
MinimumVisualStudioVersion = 10.0.40219.1
Project("{FAE04EC0-301F-11D3-BF4B-00C04F79EFBC}") = "SoftRegister", "SoftRegister\SoftRegister.csproj", "{8EA4F465-EBDC-417F-927D-E42B74CDA6C3}"
EndProject
Project("{FAE04EC0-301F-11D3-BF4B-00C04F79EFBC}") = "SoftwarePassport", "SoftwarePassport\SoftwarePassport.csproj", "{71BEA70B-8BC0-4C77-92DC-41E6E28854B4}"
EndProject
Global
	GlobalSection(SolutionConfigurationPlatforms) = preSolution
		Debug|Any CPU = Debug|Any CPU
		Release|Any CPU = Release|Any CPU
	EndGlobalSection
	GlobalSection(ProjectConfigurationPlatforms) = postSolution
		{8EA4F465-EBDC-417F-927D-E42B74CDA6C3}.Debug|Any CPU.ActiveCfg = Debug|Any CPU
		{8EA4F465-EBDC-417F-927D-E42B74CDA6C3}.Debug|Any CPU.Build.0 = Debug|Any CPU
		{8EA4F465-EBDC-417F-927D-E42B74CDA6C3}.Release|Any CPU.ActiveCfg = Release|Any CPU
		{8EA4F465-EBDC-417F-927D-E42B74CDA6C3}.Release|Any CPU.Build.0 = Release|Any CPU
		{71BEA70B-8BC0-4C77-92DC-41E6E28854B4}.Debug|Any CPU.ActiveCfg = Debug|Any CPU
		{71BEA70B-8BC0-4C77-92DC-41E6E28854B4}.Debug|Any CPU.Build.0 = Debug|Any CPU
		{71BEA70B-8BC0-4C77-92DC-41E6E28854B4}.Release|Any CPU.ActiveCfg = Release|Any CPU
		{71BEA70B-8BC0-4C77-92DC-41E6E28854B4}.Release|Any CPU.Build.0 = Release|Any CPU
	EndGlobalSection
	GlobalSection(SolutionProperties) = preSolution
		HideSolutionNode = FALSE
	EndGlobalSection
	GlobalSection(ExtensibilityGlobals) = postSolution
		SolutionGuid = {A6ED6BF9-A6AF-478B-9D27-B4C3FF7CECF3}
	EndGlobalSection
EndGlobal
